
Microsoft Visual Studio Solution File, Format Version 12.00
# Visual Studio Version 17
VisualStudioVersion = 17.14.36301.6
MinimumVisualStudioVersion = 10.0.40219.1
Project("{FAE04EC0-301F-11D3-BF4B-00C04F79EFBC}") = "DTech.API", "DTech\DTech.API.csproj", "{BBA39220-8E86-4990-AA89-DD2480818D26}"
EndProject
Project("{FAE04EC0-301F-11D3-BF4B-00C04F79EFBC}") = "DTech.Domain", "Domain\DTech.Domain.csproj", "{8AFC753D-2A29-4D30-AE05-9306AA2E474C}"
EndProject
Project("{FAE04EC0-301F-11D3-BF4B-00C04F79EFBC}") = "DTech.Application", "Application\DTech.Application.csproj", "{4453D117-A6D4-4956-9BDC-2596A935401B}"
EndProject
Project("{FAE04EC0-301F-11D3-BF4B-00C04F79EFBC}") = "DTech.Infrastructure", "Infrastructure\DTech.Infrastructure.csproj", "{B58FCA6E-C600-457D-A896-6730E1BCB950}"
EndProject
Project("{FAE04EC0-301F-11D3-BF4B-00C04F79EFBC}") = "DTech.UnitTest", "DTech.UnitTest\DTech.UnitTest.csproj", "{98697DC9-404D-4204-8D5A-B62C232EADBE}"
EndProject
Global
	GlobalSection(SolutionConfigurationPlatforms) = preSolution
		Debug|Any CPU = Debug|Any CPU
		Release|Any CPU = Release|Any CPU
	EndGlobalSection
	GlobalSection(ProjectConfigurationPlatforms) = postSolution
		{BBA39220-8E86-4990-AA89-DD2480818D26}.Debug|Any CPU.ActiveCfg = Debug|Any CPU
		{BBA39220-8E86-4990-AA89-DD2480818D26}.Debug|Any CPU.Build.0 = Debug|Any CPU
		{BBA39220-8E86-4990-AA89-DD2480818D26}.Release|Any CPU.ActiveCfg = Release|Any CPU
		{BBA39220-8E86-4990-AA89-DD2480818D26}.Release|Any CPU.Build.0 = Release|Any CPU
		{8AFC753D-2A29-4D30-AE05-9306AA2E474C}.Debug|Any CPU.ActiveCfg = Debug|Any CPU
		{8AFC753D-2A29-4D30-AE05-9306AA2E474C}.Debug|Any CPU.Build.0 = Debug|Any CPU
		{8AFC753D-2A29-4D30-AE05-9306AA2E474C}.Release|Any CPU.ActiveCfg = Release|Any CPU
		{8AFC753D-2A29-4D30-AE05-9306AA2E474C}.Release|Any CPU.Build.0 = Release|Any CPU
		{4453D117-A6D4-4956-9BDC-2596A935401B}.Debug|Any CPU.ActiveCfg = Debug|Any CPU
		{4453D117-A6D4-4956-9BDC-2596A935401B}.Debug|Any CPU.Build.0 = Debug|Any CPU
		{4453D117-A6D4-4956-9BDC-2596A935401B}.Release|Any CPU.ActiveCfg = Release|Any CPU
		{4453D117-A6D4-4956-9BDC-2596A935401B}.Release|Any CPU.Build.0 = Release|Any CPU
		{B58FCA6E-C600-457D-A896-6730E1BCB950}.Debug|Any CPU.ActiveCfg = Debug|Any CPU
		{B58FCA6E-C600-457D-A896-6730E1BCB950}.Debug|Any CPU.Build.0 = Debug|Any CPU
		{B58FCA6E-C600-457D-A896-6730E1BCB950}.Release|Any CPU.ActiveCfg = Release|Any CPU
		{B58FCA6E-C600-457D-A896-6730E1BCB950}.Release|Any CPU.Build.0 = Release|Any CPU
		{98697DC9-404D-4204-8D5A-B62C232EADBE}.Debug|Any CPU.ActiveCfg = Debug|Any CPU
		{98697DC9-404D-4204-8D5A-B62C232EADBE}.Debug|Any CPU.Build.0 = Debug|Any CPU
		{98697DC9-404D-4204-8D5A-B62C232EADBE}.Release|Any CPU.ActiveCfg = Release|Any CPU
		{98697DC9-404D-4204-8D5A-B62C232EADBE}.Release|Any CPU.Build.0 = Release|Any CPU
	EndGlobalSection
	GlobalSection(SolutionProperties) = preSolution
		HideSolutionNode = FALSE
	EndGlobalSection
	GlobalSection(ExtensibilityGlobals) = postSolution
		SolutionGuid = {9B745239-717A-44EB-AE3B-E85B77708734}
	EndGlobalSection
EndGlobal
